<?xml version="1.0" encoding="utf-8"?>
<Project ToolsVersion="4.0" xmlns="http://schemas.microsoft.com/developer/msbuild/2003">
  <ItemGroup>
    <Filter Include="src">
      <UniqueIdentifier>{cacbcf50-24c4-4d85-98ed-92fb57163fc9}</UniqueIdentifier>
    </Filter>
    <Filter Include="test">
      <UniqueIdentifier>{23a42122-da32-4121-942e-8fc1d96c632d}</UniqueIdentifier>
    </Filter>
    <Filter Include="docs">
      <UniqueIdentifier>{e7912679-9050-478a-b948-2e8f11020417}</UniqueIdentifier>
    </Filter>
    <Filter Include="include">
      <UniqueIdentifier>{1f03ee46-4802-4b41-a920-e0dbd6958f1f}</UniqueIdentifier>
    </Filter>
    <Filter Include="include\Maths">
      <UniqueIdentifier>{bf1db49a-93d4-4b2e-8128-56413f18b83b}</UniqueIdentifier>
    </Filter>
    <Filter Include="include\3D App">
      <UniqueIdentifier>{a55f9a6f-dbbc-4849-b412-dd6de371b9be}</UniqueIdentifier>
    </Filter>
    <Filter Include="docs\report">
      <UniqueIdentifier>{25a3818f-6e67-4b7b-a329-60539ecd1a9c}</UniqueIdentifier>
    </Filter>
    <Filter Include="include\Transform">
      <UniqueIdentifier>{7f2ea7d8-229e-4fa0-b7bf-3c3e1d9baa34}</UniqueIdentifier>
    </Filter>
  </ItemGroup>
  <ItemGroup>
    <ClCompile Include="..\..\..\src\main.cpp">
      <Filter>src</Filter>
    </ClCompile>
    <ClCompile Include="..\..\..\test\TestVector.cpp">
      <Filter>test</Filter>
    </ClCompile>
    <ClCompile Include="..\..\..\src\App.cpp">
      <Filter>src</Filter>
    </ClCompile>
    <ClCompile Include="..\..\..\src\Grid3D.cpp">
      <Filter>src</Filter>
    </ClCompile>
    <ClCompile Include="..\..\..\test\TestMatrix.cpp">
      <Filter>test</Filter>
    </ClCompile>
    <ClCompile Include="..\..\..\src\Graphics3D.cpp">
      <Filter>src</Filter>
    </ClCompile>
    <ClCompile Include="..\..\..\src\Camera.cpp">
      <Filter>src</Filter>
    </ClCompile>
    <ClCompile Include="..\..\..\src\VLFLMeshLoader.cpp">
      <Filter>src</Filter>
    </ClCompile>
    <ClCompile Include="..\..\..\src\Mesh.cpp">
      <Filter>src</Filter>
    </ClCompile>
    <ClCompile Include="..\..\..\src\OBJMeshLoader.cpp">
      <Filter>src</Filter>
    </ClCompile>
    <ClCompile Include="..\..\..\src\AppCmdPrompt.cpp">
      <Filter>src</Filter>
    </ClCompile>
  </ItemGroup>
  <ItemGroup>
    <ClInclude Include="..\..\..\include\Matrix.h">
      <Filter>include\Maths</Filter>
    </ClInclude>
    <ClInclude Include="..\..\..\include\Vector.h">
      <Filter>include\Maths</Filter>
    </ClInclude>
    <ClInclude Include="..\..\..\include\VectorData.h">
      <Filter>include\Maths</Filter>
    </ClInclude>
    <ClInclude Include="..\..\..\include\Graphics3D.h">
      <Filter>include\3D App</Filter>
    </ClInclude>
    <ClInclude Include="..\..\..\include\Camera.h">
      <Filter>include\3D App</Filter>
    </ClInclude>
    <ClInclude Include="..\..\..\include\App.h">
      <Filter>include\3D App</Filter>
    </ClInclude>
    <ClInclude Include="..\..\..\include\Grid3D.h">
      <Filter>include\3D App</Filter>
    </ClInclude>
    <ClInclude Include="..\..\..\include\Mesh.h">
      <Filter>include\3D App</Filter>
    </ClInclude>
    <ClInclude Include="..\..\..\include\VLFLMeshLoader.h">
      <Filter>include\3D App</Filter>
    </ClInclude>
    <ClInclude Include="..\..\..\include\OBJMeshLoader.h">
      <Filter>include\3D App</Filter>
    </ClInclude>
    <ClInclude Include="..\..\..\include\Vector.h">
      <Filter>include\Maths</Filter>
    </ClInclude>
    <ClInclude Include="..\..\..\include\TransformOperation.h">
      <Filter>include\Transform</Filter>
    </ClInclude>
    <ClInclude Include="..\..\..\include\TransformUtils.h">
      <Filter>include\Transform</Filter>
    </ClInclude>
    <ClInclude Include="..\..\..\include\ShiftTransform.h">
      <Filter>include\Transform</Filter>
    </ClInclude>
    <ClInclude Include="..\..\..\include\ScaleTransform.h">
      <Filter>include\Transform</Filter>
    </ClInclude>
    <ClInclude Include="..\..\..\include\AppCmdPrompt.h">
      <Filter>include\3D App</Filter>
    </ClInclude>
  </ItemGroup>
  <ItemGroup>
    <None Include="..\..\..\include\Matrix.inl">
      <Filter>include\Maths</Filter>
    </None>
    <None Include="..\..\..\include\Vector.inl">
      <Filter>include\Maths</Filter>
    </None>
    <None Include="..\..\..\docs\report\Latex\CS32310AssignmentReport.pdf">
      <Filter>docs\report</Filter>
    </None>
    <None Include="..\..\..\docs\report\Latex\CS32310AssignmentReport.tex">
      <Filter>docs\report</Filter>
    </None>
    <None Include="..\..\..\docs\CS32310AssignmentTaskDescription.pdf">
      <Filter>docs</Filter>
    </None>
    <None Include="..\..\..\docs\Resources.txt">
      <Filter>docs</Filter>
    </None>
    <None Include="..\..\..\include\TransformUtils.inl">
      <Filter>include\Transform</Filter>
    </None>
  </ItemGroup>
</Project>